// !$*UTF8*$!
{
	archiveVersion = 1;
	classes = {
	};
	objectVersion = 46;
	objects = {

/* Begin PBXBuildFile section */
		8B81B26A1C4187AF006F6AFE /* AppDelegate.swift in Sources */ = {isa = PBXBuildFile; fileRef = 8B81B2691C4187AF006F6AFE /* AppDelegate.swift */; };
		8B81B26C1C4187AF006F6AFE /* ViewController.swift in Sources */ = {isa = PBXBuildFile; fileRef = 8B81B26B1C4187AF006F6AFE /* ViewController.swift */; };
		8B81B26F1C4187AF006F6AFE /* Main.storyboard in Resources */ = {isa = PBXBuildFile; fileRef = 8B81B26D1C4187AF006F6AFE /* Main.storyboard */; };
		8B81B2721C4187AF006F6AFE /* Pizza.xcdatamodeld in Sources */ = {isa = PBXBuildFile; fileRef = 8B81B2701C4187AF006F6AFE /* Pizza.xcdatamodeld */; };
		8B81B2741C4187AF006F6AFE /* Assets.xcassets in Resources */ = {isa = PBXBuildFile; fileRef = 8B81B2731C4187AF006F6AFE /* Assets.xcassets */; };
		8B81B2771C4187AF006F6AFE /* LaunchScreen.storyboard in Resources */ = {isa = PBXBuildFile; fileRef = 8B81B2751C4187AF006F6AFE /* LaunchScreen.storyboard */; };
		8B81B2821C4187AF006F6AFE /* PizzaTests.swift in Sources */ = {isa = PBXBuildFile; fileRef = 8B81B2811C4187AF006F6AFE /* PizzaTests.swift */; };
		8B81B28D1C4187AF006F6AFE /* PizzaUITests.swift in Sources */ = {isa = PBXBuildFile; fileRef = 8B81B28C1C4187AF006F6AFE /* PizzaUITests.swift */; };
		8B81B29B1C41923E006F6AFE /* VistaTamano.swift in Sources */ = {isa = PBXBuildFile; fileRef = 8B81B29A1C41923E006F6AFE /* VistaTamano.swift */; };
		8B81B29D1C41B64D006F6AFE /* ViewTipoMasa.swift in Sources */ = {isa = PBXBuildFile; fileRef = 8B81B29C1C41B64D006F6AFE /* ViewTipoMasa.swift */; };
		8B81B29F1C41CCE9006F6AFE /* VistaQueso.swift in Sources */ = {isa = PBXBuildFile; fileRef = 8B81B29E1C41CCE9006F6AFE /* VistaQueso.swift */; };
		8B81B2A11C41D03A006F6AFE /* VistaIngredientes.swift in Sources */ = {isa = PBXBuildFile; fileRef = 8B81B2A01C41D03A006F6AFE /* VistaIngredientes.swift */; };
		8B81B2A31C41DBAD006F6AFE /* icono-de-pizza-23741.png in Resources */ = {isa = PBXBuildFile; fileRef = 8B81B2A21C41DBAD006F6AFE /* icono-de-pizza-23741.png */; };
		8B81B2A51C42CA6C006F6AFE /* VistaCocinar.swift in Sources */ = {isa = PBXBuildFile; fileRef = 8B81B2A41C42CA6C006F6AFE /* VistaCocinar.swift */; };
/* End PBXBuildFile section */

/* Begin PBXContainerItemProxy section */
		8B81B27E1C4187AF006F6AFE /* PBXContainerItemProxy */ = {
			isa = PBXContainerItemProxy;
			containerPortal = 8B81B25E1C4187AF006F6AFE /* Project object */;
			proxyType = 1;
			remoteGlobalIDString = 8B81B2651C4187AF006F6AFE;
			remoteInfo = Pizza;
		};
		8B81B2891C4187AF006F6AFE /* PBXContainerItemProxy */ = {
			isa = PBXContainerItemProxy;
			containerPortal = 8B81B25E1C4187AF006F6AFE /* Project object */;
			proxyType = 1;
			remoteGlobalIDString = 8B81B2651C4187AF006F6AFE;
			remoteInfo = Pizza;
		};
/* End PBXContainerItemProxy section */

/* Begin PBXFileReference section */
		8B81B2661C4187AF006F6AFE /* Pizza.app */ = {isa = PBXFileReference; explicitFileType = wrapper.application; includeInIndex = 0; path = Pizza.app; sourceTree = BUILT_PRODUCTS_DIR; };
		8B81B2691C4187AF006F6AFE /* AppDelegate.swift */ = {isa = PBXFileReference; lastKnownFileType = sourcecode.swift; path = AppDelegate.swift; sourceTree = "<group>"; };
		8B81B26B1C4187AF006F6AFE /* ViewController.swift */ = {isa = PBXFileReference; lastKnownFileType = sourcecode.swift; path = ViewController.swift; sourceTree = "<group>"; };
		8B81B26E1C4187AF006F6AFE /* Base */ = {isa = PBXFileReference; lastKnownFileType = file.storyboard; name = Base; path = Base.lproj/Main.storyboard; sourceTree = "<group>"; };
		8B81B2711C4187AF006F6AFE /* Pizza.xcdatamodel */ = {isa = PBXFileReference; lastKnownFileType = wrapper.xcdatamodel; path = Pizza.xcdatamodel; sourceTree = "<group>"; };
		8B81B2731C4187AF006F6AFE /* Assets.xcassets */ = {isa = PBXFileReference; lastKnownFileType = folder.assetcatalog; path = Assets.xcassets; sourceTree = "<group>"; };
		8B81B2761C4187AF006F6AFE /* Base */ = {isa = PBXFileReference; lastKnownFileType = file.storyboard; name = Base; path = Base.lproj/LaunchScreen.storyboard; sourceTree = "<group>"; };
		8B81B2781C4187AF006F6AFE /* Info.plist */ = {isa = PBXFileReference; lastKnownFileType = text.plist.xml; path = Info.plist; sourceTree = "<group>"; };
		8B81B27D1C4187AF006F6AFE /* PizzaTests.xctest */ = {isa = PBXFileReference; explicitFileType = wrapper.cfbundle; includeInIndex = 0; path = PizzaTests.xctest; sourceTree = BUILT_PRODUCTS_DIR; };
		8B81B2811C4187AF006F6AFE /* PizzaTests.swift */ = {isa = PBXFileReference; lastKnownFileType = sourcecode.swift; path = PizzaTests.swift; sourceTree = "<group>"; };
		8B81B2831C4187AF006F6AFE /* Info.plist */ = {isa = PBXFileReference; lastKnownFileType = text.plist.xml; path = Info.plist; sourceTree = "<group>"; };
		8B81B2881C4187AF006F6AFE /* PizzaUITests.xctest */ = {isa = PBXFileReference; explicitFileType = wrapper.cfbundle; includeInIndex = 0; path = PizzaUITests.xctest; sourceTree = BUILT_PRODUCTS_DIR; };
		8B81B28C1C4187AF006F6AFE /* PizzaUITests.swift */ = {isa = PBXFileReference; lastKnownFileType = sourcecode.swift; path = PizzaUITests.swift; sourceTree = "<group>"; };
		8B81B28E1C4187AF006F6AFE /* Info.plist */ = {isa = PBXFileReference; lastKnownFileType = text.plist.xml; path = Info.plist; sourceTree = "<group>"; };
		8B81B29A1C41923E006F6AFE /* VistaTamano.swift */ = {isa = PBXFileReference; fileEncoding = 4; lastKnownFileType = sourcecode.swift; path = VistaTamano.swift; sourceTree = "<group>"; };
		8B81B29C1C41B64D006F6AFE /* ViewTipoMasa.swift */ = {isa = PBXFileReference; fileEncoding = 4; lastKnownFileType = sourcecode.swift; path = ViewTipoMasa.swift; sourceTree = "<group>"; };
		8B81B29E1C41CCE9006F6AFE /* VistaQueso.swift */ = {isa = PBXFileReference; fileEncoding = 4; lastKnownFileType = sourcecode.swift; path = VistaQueso.swift; sourceTree = "<group>"; };
		8B81B2A01C41D03A006F6AFE /* VistaIngredientes.swift */ = {isa = PBXFileReference; fileEncoding = 4; lastKnownFileType = sourcecode.swift; path = VistaIngredientes.swift; sourceTree = "<group>"; };
		8B81B2A21C41DBAD006F6AFE /* icono-de-pizza-23741.png */ = {isa = PBXFileReference; lastKnownFileType = image.png; name = "icono-de-pizza-23741.png"; path = "../../../../icono-de-pizza-23741.png"; sourceTree = "<group>"; };
		8B81B2A41C42CA6C006F6AFE /* VistaCocinar.swift */ = {isa = PBXFileReference; fileEncoding = 4; lastKnownFileType = sourcecode.swift; path = VistaCocinar.swift; sourceTree = "<group>"; };
/* End PBXFileReference section */

/* Begin PBXFrameworksBuildPhase section */
		8B81B2631C4187AF006F6AFE /* Frameworks */ = {
			isa = PBXFrameworksBuildPhase;
			buildActionMask = 2147483647;
			files = (
			);
			runOnlyForDeploymentPostprocessing = 0;
		};
		8B81B27A1C4187AF006F6AFE /* Frameworks */ = {
			isa = PBXFrameworksBuildPhase;
			buildActionMask = 2147483647;
			files = (
			);
			runOnlyForDeploymentPostprocessing = 0;
		};
		8B81B2851C4187AF006F6AFE /* Frameworks */ = {
			isa = PBXFrameworksBuildPhase;
			buildActionMask = 2147483647;
			files = (
			);
			runOnlyForDeploymentPostprocessing = 0;
		};
/* End PBXFrameworksBuildPhase section */

/* Begin PBXGroup section */
		8B81B25D1C4187AF006F6AFE = {
			isa = PBXGroup;
			children = (
				8B81B2681C4187AF006F6AFE /* Pizza */,
				8B81B2801C4187AF006F6AFE /* PizzaTests */,
				8B81B28B1C4187AF006F6AFE /* PizzaUITests */,
				8B81B2671C4187AF006F6AFE /* Products */,
			);
			sourceTree = "<group>";
		};
		8B81B2671C4187AF006F6AFE /* Products */ = {
			isa = PBXGroup;
			children = (
				8B81B2661C4187AF006F6AFE /* Pizza.app */,
				8B81B27D1C4187AF006F6AFE /* PizzaTests.xctest */,
				8B81B2881C4187AF006F6AFE /* PizzaUITests.xctest */,
			);
			name = Products;
			sourceTree = "<group>";
		};
		8B81B2681C4187AF006F6AFE /* Pizza */ = {
			isa = PBXGroup;
			children = (
				8B81B2691C4187AF006F6AFE /* AppDelegate.swift */,
				8B81B26B1C4187AF006F6AFE /* ViewController.swift */,
				8B81B26D1C4187AF006F6AFE /* Main.storyboard */,
				8B81B2731C4187AF006F6AFE /* Assets.xcassets */,
				8B81B2751C4187AF006F6AFE /* LaunchScreen.storyboard */,
				8B81B2781C4187AF006F6AFE /* Info.plist */,
				8B81B2701C4187AF006F6AFE /* Pizza.xcdatamodeld */,
				8B81B29A1C41923E006F6AFE /* VistaTamano.swift */,
				8B81B29C1C41B64D006F6AFE /* ViewTipoMasa.swift */,
				8B81B29E1C41CCE9006F6AFE /* VistaQueso.swift */,
				8B81B2A01C41D03A006F6AFE /* VistaIngredientes.swift */,
				8B81B2A21C41DBAD006F6AFE /* icono-de-pizza-23741.png */,
				8B81B2A41C42CA6C006F6AFE /* VistaCocinar.swift */,
			);
			path = Pizza;
			sourceTree = "<group>";
		};
		8B81B2801C4187AF006F6AFE /* PizzaTests */ = {
			isa = PBXGroup;
			children = (
				8B81B2811C4187AF006F6AFE /* PizzaTests.swift */,
				8B81B2831C4187AF006F6AFE /* Info.plist */,
			);
			path = PizzaTests;
			sourceTree = "<group>";
		};
		8B81B28B1C4187AF006F6AFE /* PizzaUITests */ = {
			isa = PBXGroup;
			children = (
				8B81B28C1C4187AF006F6AFE /* PizzaUITests.swift */,
				8B81B28E1C4187AF006F6AFE /* Info.plist */,
			);
			path = PizzaUITests;
			sourceTree = "<group>";
		};
/* End PBXGroup section */

/* Begin PBXNativeTarget section */
		8B81B2651C4187AF006F6AFE /* Pizza */ = {
			isa = PBXNativeTarget;
			buildConfigurationList = 8B81B2911C4187B0006F6AFE /* Build configuration list for PBXNativeTarget "Pizza" */;
			buildPhases = (
				8B81B2621C4187AF006F6AFE /* Sources */,
				8B81B2631C4187AF006F6AFE /* Frameworks */,
				8B81B2641C4187AF006F6AFE /* Resources */,
			);
			buildRules = (
			);
			dependencies = (
			);
			name = Pizza;
			productName = Pizza;
			productReference = 8B81B2661C4187AF006F6AFE /* Pizza.app */;
			productType = "com.apple.product-type.application";
		};
		8B81B27C1C4187AF006F6AFE /* PizzaTests */ = {
			isa = PBXNativeTarget;
			buildConfigurationList = 8B81B2941C4187B0006F6AFE /* Build configuration list for PBXNativeTarget "PizzaTests" */;
			buildPhases = (
				8B81B2791C4187AF006F6AFE /* Sources */,
				8B81B27A1C4187AF006F6AFE /* Frameworks */,
				8B81B27B1C4187AF006F6AFE /* Resources */,
			);
			buildRules = (
			);
			dependencies = (
				8B81B27F1C4187AF006F6AFE /* PBXTargetDependency */,
			);
			name = PizzaTests;
			productName = PizzaTests;
			productReference = 8B81B27D1C4187AF006F6AFE /* PizzaTests.xctest */;
			productType = "com.apple.product-type.bundle.unit-test";
		};
		8B81B2871C4187AF006F6AFE /* PizzaUITests */ = {
			isa = PBXNativeTarget;
			buildConfigurationList = 8B81B2971C4187B0006F6AFE /* Build configuration list for PBXNativeTarget "PizzaUITests" */;
			buildPhases = (
				8B81B2841C4187AF006F6AFE /* Sources */,
				8B81B2851C4187AF006F6AFE /* Frameworks */,
				8B81B2861C4187AF006F6AFE /* Resources */,
			);
			buildRules = (
			);
			dependencies = (
				8B81B28A1C4187AF006F6AFE /* PBXTargetDependency */,
			);
			name = PizzaUITests;
			productName = PizzaUITests;
			productReference = 8B81B2881C4187AF006F6AFE /* PizzaUITests.xctest */;
			productType = "com.apple.product-type.bundle.ui-testing";
		};
/* End PBXNativeTarget section */

/* Begin PBXProject section */
		8B81B25E1C4187AF006F6AFE /* Project object */ = {
			isa = PBXProject;
			attributes = {
				LastSwiftUpdateCheck = 0720;
				LastUpgradeCheck = 0720;
				ORGANIZATIONNAME = "Jose Luis Garcia Dueñas";
				TargetAttributes = {
					8B81B2651C4187AF006F6AFE = {
						CreatedOnToolsVersion = 7.2;
						DevelopmentTeam = 682M5QZLPG;
					};
					8B81B27C1C4187AF006F6AFE = {
						CreatedOnToolsVersion = 7.2;
						DevelopmentTeam = 682M5QZLPG;
						TestTargetID = 8B81B2651C4187AF006F6AFE;
					};
					8B81B2871C4187AF006F6AFE = {
						CreatedOnToolsVersion = 7.2;
						DevelopmentTeam = 682M5QZLPG;
						TestTargetID = 8B81B2651C4187AF006F6AFE;
					};
				};
			};
			buildConfigurationList = 8B81B2611C4187AF006F6AFE /* Build configuration list for PBXProject "Pizza" */;
			compatibilityVersion = "Xcode 3.2";
			developmentRegion = English;
			hasScannedForEncodings = 0;
			knownRegions = (
				en,
				Base,
			);
			mainGroup = 8B81B25D1C4187AF006F6AFE;
			productRefGroup = 8B81B2671C4187AF006F6AFE /* Products */;
			projectDirPath = "";
			projectRoot = "";
			targets = (
				8B81B2651C4187AF006F6AFE /* Pizza */,
				8B81B27C1C4187AF006F6AFE /* PizzaTests */,
				8B81B2871C4187AF006F6AFE /* PizzaUITests */,
			);
		};
/* End PBXProject section */

/* Begin PBXResourcesBuildPhase section */
		8B81B2641C4187AF006F6AFE /* Resources */ = {
			isa = PBXResourcesBuildPhase;
			buildActionMask = 2147483647;
			files = (
				8B81B2771C4187AF006F6AFE /* LaunchScreen.storyboard in Resources */,
				8B81B2741C4187AF006F6AFE /* Assets.xcassets in Resources */,
				8B81B2A31C41DBAD006F6AFE /* icono-de-pizza-23741.png in Resources */,
				8B81B26F1C4187AF006F6AFE /* Main.storyboard in Resources */,
			);
			runOnlyForDeploymentPostprocessing = 0;
		};
		8B81B27B1C4187AF006F6AFE /* Resources */ = {
			isa = PBXResourcesBuildPhase;
			buildActionMask = 2147483647;
			files = (
			);
			runOnlyForDeploymentPostprocessing = 0;
		};
		8B81B2861C4187AF006F6AFE /* Resources */ = {
			isa = PBXResourcesBuildPhase;
			buildActionMask = 2147483647;
			files = (
			);
			runOnlyForDeploymentPostprocessing = 0;
		};
/* End PBXResourcesBuildPhase section */

/* Begin PBXSourcesBuildPhase section */
		8B81B2621C4187AF006F6AFE /* Sources */ = {
			isa = PBXSourcesBuildPhase;
			buildActionMask = 2147483647;
			files = (
				8B81B26C1C4187AF006F6AFE /* ViewController.swift in Sources */,
				8B81B2A11C41D03A006F6AFE /* VistaIngredientes.swift in Sources */,
				8B81B26A1C4187AF006F6AFE /* AppDelegate.swift in Sources */,
				8B81B2A51C42CA6C006F6AFE /* VistaCocinar.swift in Sources */,
				8B81B2721C4187AF006F6AFE /* Pizza.xcdatamodeld in Sources */,
				8B81B29D1C41B64D006F6AFE /* ViewTipoMasa.swift in Sources */,
				8B81B29B1C41923E006F6AFE /* VistaTamano.swift in Sources */,
				8B81B29F1C41CCE9006F6AFE /* VistaQueso.swift in Sources */,
			);
			runOnlyForDeploymentPostprocessing = 0;
		};
		8B81B2791C4187AF006F6AFE /* Sources */ = {
			isa = PBXSourcesBuildPhase;
			buildActionMask = 2147483647;
			files = (
				8B81B2821C4187AF006F6AFE /* PizzaTests.swift in Sources */,
			);
			runOnlyForDeploymentPostprocessing = 0;
		};
		8B81B2841C4187AF006F6AFE /* Sources */ = {
			isa = PBXSourcesBuildPhase;
			buildActionMask = 2147483647;
			files = (
				8B81B28D1C4187AF006F6AFE /* PizzaUITests.swift in Sources */,
			);
			runOnlyForDeploymentPostprocessing = 0;
		};
/* End PBXSourcesBuildPhase section */

/* Begin PBXTargetDependency section */
		8B81B27F1C4187AF006F6AFE /* PBXTargetDependency */ = {
			isa = PBXTargetDependency;
			target = 8B81B2651C4187AF006F6AFE /* Pizza */;
			targetProxy = 8B81B27E1C4187AF006F6AFE /* PBXContainerItemProxy */;
		};
		8B81B28A1C4187AF006F6AFE /* PBXTargetDependency */ = {
			isa = PBXTargetDependency;
			target = 8B81B2651C4187AF006F6AFE /* Pizza */;
			targetProxy = 8B81B2891C4187AF006F6AFE /* PBXContainerItemProxy */;
		};
/* End PBXTargetDependency section */

/* Begin PBXVariantGroup section */
		8B81B26D1C4187AF006F6AFE /* Main.storyboard */ = {
			isa = PBXVariantGroup;
			children = (
				8B81B26E1C4187AF006F6AFE /* Base */,
			);
			name = Main.storyboard;
			sourceTree = "<group>";
		};
		8B81B2751C4187AF006F6AFE /* LaunchScreen.storyboard */ = {
			isa = PBXVariantGroup;
			children = (
				8B81B2761C4187AF006F6AFE /* Base */,
			);
			name = LaunchScreen.storyboard;
			sourceTree = "<group>";
		};
/* End PBXVariantGroup section */

/* Begin XCBuildConfiguration section */
		8B81B28F1C4187B0006F6AFE /* Debug */ = {
			isa = XCBuildConfiguration;
			buildSettings = {
				ALWAYS_SEARCH_USER_PATHS = NO;
				CLANG_CXX_LANGUAGE_STANDARD = "gnu++0x";
				CLANG_CXX_LIBRARY = "libc++";
				CLANG_ENABLE_MODULES = YES;
				CLANG_ENABLE_OBJC_ARC = YES;
				CLANG_WARN_BOOL_CONVERSION = YES;
				CLANG_WARN_CONSTANT_CONVERSION = YES;
				CLANG_WARN_DIRECT_OBJC_ISA_USAGE = YES_ERROR;
				CLANG_WARN_EMPTY_BODY = YES;
				CLANG_WARN_ENUM_CONVERSION = YES;
				CLANG_WARN_INT_CONVERSION = YES;
				CLANG_WARN_OBJC_ROOT_CLASS = YES_ERROR;
				CLANG_WARN_UNREACHABLE_CODE = YES;
				CLANG_WARN__DUPLICATE_METHOD_MATCH = YES;
				"CODE_SIGN_IDENTITY[sdk=iphoneos*]" = "iPhone Developer";
				COPY_PHASE_STRIP = NO;
				DEBUG_INFORMATION_FORMAT = dwarf;
				ENABLE_STRICT_OBJC_MSGSEND = YES;
				ENABLE_TESTABILITY = YES;
				GCC_C_LANGUAGE_STANDARD = gnu99;
				GCC_DYNAMIC_NO_PIC = NO;
				GCC_NO_COMMON_BLOCKS = YES;
				GCC_OPTIMIZATION_LEVEL = 0;
				GCC_PREPROCESSOR_DEFINITIONS = (
					"DEBUG=1",
					"$(inherited)",
				);
				GCC_WARN_64_TO_32_BIT_CONVERSION = YES;
				GCC_WARN_ABOUT_RETURN_TYPE = YES_ERROR;
				GCC_WARN_UNDECLARED_SELECTOR = YES;
				GCC_WARN_UNINITIALIZED_AUTOS = YES_AGGRESSIVE;
				GCC_WARN_UNUSED_FUNCTION = YES;
				GCC_WARN_UNUSED_VARIABLE = YES;
				IPHONEOS_DEPLOYMENT_TARGET = 9.2;
				MTL_ENABLE_DEBUG_INFO = YES;
				ONLY_ACTIVE_ARCH = YES;
				SDKROOT = iphoneos;
				SWIFT_OPTIMIZATION_LEVEL = "-Onone";
				TARGETED_DEVICE_FAMILY = "1,2";
			};
			name = Debug;
		};
		8B81B2901C4187B0006F6AFE /* Release */ = {
			isa = XCBuildConfiguration;
			buildSettings = {
				ALWAYS_SEARCH_USER_PATHS = NO;
				CLANG_CXX_LANGUAGE_STANDARD = "gnu++0x";
				CLANG_CXX_LIBRARY = "libc++";
				CLANG_ENABLE_MODULES = YES;
				CLANG_ENABLE_OBJC_ARC = YES;
				CLANG_WARN_BOOL_CONVERSION = YES;
				CLANG_WARN_CONSTANT_CONVERSION = YES;
				CLANG_WARN_DIRECT_OBJC_ISA_USAGE = YES_ERROR;
				CLANG_WARN_EMPTY_BODY = YES;
				CLANG_WARN_ENUM_CONVERSION = YES;
				CLANG_WARN_INT_CONVERSION = YES;
				CLANG_WARN_OBJC_ROOT_CLASS = YES_ERROR;
				CLANG_WARN_UNREACHABLE_CODE = YES;
				CLANG_WARN__DUPLICATE_METHOD_MATCH = YES;
				"CODE_SIGN_IDENTITY[sdk=iphoneos*]" = "iPhone Developer";
				COPY_PHASE_STRIP = NO;
				DEBUG_INFORMATION_FORMAT = "dwarf-with-dsym";
				ENABLE_NS_ASSERTIONS = NO;
				ENABLE_STRICT_OBJC_MSGSEND = YES;
				GCC_C_LANGUAGE_STANDARD = gnu99;
				GCC_NO_COMMON_BLOCKS = YES;
				GCC_WARN_64_TO_32_BIT_CONVERSION = YES;
				GCC_WARN_ABOUT_RETURN_TYPE = YES_ERROR;
				GCC_WARN_UNDECLARED_SELECTOR = YES;
				GCC_WARN_UNINITIALIZED_AUTOS = YES_AGGRESSIVE;
				GCC_WARN_UNUSED_FUNCTION = YES;
				GCC_WARN_UNUSED_VARIABLE = YES;
				IPHONEOS_DEPLOYMENT_TARGET = 9.2;
				MTL_ENABLE_DEBUG_INFO = NO;
				SDKROOT = iphoneos;
				TARGETED_DEVICE_FAMILY = "1,2";
				VALIDATE_PRODUCT = YES;
			};
			name = Release;
		};
		8B81B2921C4187B0006F6AFE /* Debug */ = {
			isa = XCBuildConfiguration;
			buildSettings = {
				ASSETCATALOG_COMPILER_APPICON_NAME = AppIcon;
				INFOPLIST_FILE = Pizza/Info.plist;
				LD_RUNPATH_SEARCH_PATHS = "$(inherited) @executable_path/Frameworks";
				PRODUCT_BUNDLE_IDENTIFIER = JoseLuisGarcia.Pizza;
				PRODUCT_NAME = "$(TARGET_NAME)";
			};
			name = Debug;
		};
		8B81B2931C4187B0006F6AFE /* Release */ = {
			isa = XCBuildConfiguration;
			buildSettings = {
				ASSETCATALOG_COMPILER_APPICON_NAME = AppIcon;
				INFOPLIST_FILE = Pizza/Info.plist;
				LD_RUNPATH_SEARCH_PATHS = "$(inherited) @executable_path/Frameworks";
				PRODUCT_BUNDLE_IDENTIFIER = JoseLuisGarcia.Pizza;
				PRODUCT_NAME = "$(TARGET_NAME)";
			};
			name = Release;
		};
		8B81B2951C4187B0006F6AFE /* Debug */ = {
			isa = XCBuildConfiguration;
			buildSettings = {
				BUNDLE_LOADER = "$(TEST_HOST)";
				INFOPLIST_FILE = PizzaTests/Info.plist;
				LD_RUNPATH_SEARCH_PATHS = "$(inherited) @executable_path/Frameworks @loader_path/Frameworks";
				PRODUCT_BUNDLE_IDENTIFIER = JoseLuisGarcia.PizzaTests;
				PRODUCT_NAME = "$(TARGET_NAME)";
				TEST_HOST = "$(BUILT_PRODUCTS_DIR)/Pizza.app/Pizza";
			};
			name = Debug;
		};
		8B81B2961C4187B0006F6AFE /* Release */ = {
			isa = XCBuildConfiguration;
			buildSettings = {
				BUNDLE_LOADER = "$(TEST_HOST)";
				INFOPLIST_FILE = PizzaTests/Info.plist;
				LD_RUNPATH_SEARCH_PATHS = "$(inherited) @executable_path/Frameworks @loader_path/Frameworks";
				PRODUCT_BUNDLE_IDENTIFIER = JoseLuisGarcia.PizzaTests;
				PRODUCT_NAME = "$(TARGET_NAME)";
				TEST_HOST = "$(BUILT_PRODUCTS_DIR)/Pizza.app/Pizza";
			};
			name = Release;
		};
		8B81B2981C4187B0006F6AFE /* Debug */ = {
			isa = XCBuildConfiguration;
			buildSettings = {
				INFOPLIST_FILE = PizzaUITests/Info.plist;
				LD_RUNPATH_SEARCH_PATHS = "$(inherited) @executable_path/Frameworks @loader_path/Frameworks";
				PRODUCT_BUNDLE_IDENTIFIER = JoseLuisGarcia.PizzaUITests;
				PRODUCT_NAME = "$(TARGET_NAME)";
				TEST_TARGET_NAME = Pizza;
				USES_XCTRUNNER = YES;
			};
			name = Debug;
		};
		8B81B2991C4187B0006F6AFE /* Release */ = {
			isa = XCBuildConfiguration;
			buildSettings = {
				INFOPLIST_FILE = PizzaUITests/Info.plist;
				LD_RUNPATH_SEARCH_PATHS = "$(inherited) @executable_path/Frameworks @loader_path/Frameworks";
				PRODUCT_BUNDLE_IDENTIFIER = JoseLuisGarcia.PizzaUITests;
				PRODUCT_NAME = "$(TARGET_NAME)";
				TEST_TARGET_NAME = Pizza;
				USES_XCTRUNNER = YES;
			};
			name = Release;
		};
/* End XCBuildConfiguration section */

/* Begin XCConfigurationList section */
		8B81B2611C4187AF006F6AFE /* Build configuration list for PBXProject "Pizza" */ = {
			isa = XCConfigurationList;
			buildConfigurations = (
				8B81B28F1C4187B0006F6AFE /* Debug */,
				8B81B2901C4187B0006F6AFE /* Release */,
			);
			defaultConfigurationIsVisible = 0;
			defaultConfigurationName = Release;
		};
		8B81B2911C4187B0006F6AFE /* Build configuration list for PBXNativeTarget "Pizza" */ = {
			isa = XCConfigurationList;
			buildConfigurations = (
				8B81B2921C4187B0006F6AFE /* Debug */,
				8B81B2931C4187B0006F6AFE /* Release */,
			);
			defaultConfigurationIsVisible = 0;
		};
		8B81B2941C4187B0006F6AFE /* Build configuration list for PBXNativeTarget "PizzaTests" */ = {
			isa = XCConfigurationList;
			buildConfigurations = (
				8B81B2951C4187B0006F6AFE /* Debug */,
				8B81B2961C4187B0006F6AFE /* Release */,
			);
			defaultConfigurationIsVisible = 0;
		};
		8B81B2971C4187B0006F6AFE /* Build configuration list for PBXNativeTarget "PizzaUITests" */ = {
			isa = XCConfigurationList;
			buildConfigurations = (
				8B81B2981C4187B0006F6AFE /* Debug */,
				8B81B2991C4187B0006F6AFE /* Release */,
			);
			defaultConfigurationIsVisible = 0;
		};
/* End XCConfigurationList section */

/* Begin XCVersionGroup section */
		8B81B2701C4187AF006F6AFE /* Pizza.xcdatamodeld */ = {
			isa = XCVersionGroup;
			children = (
				8B81B2711C4187AF006F6AFE /* Pizza.xcdatamodel */,
			);
			currentVersion = 8B81B2711C4187AF006F6AFE /* Pizza.xcdatamodel */;
			path = Pizza.xcdatamodeld;
			sourceTree = "<group>";
			versionGroupType = wrapper.xcdatamodel;
		};
/* End XCVersionGroup section */
	};
	rootObject = 8B81B25E1C4187AF006F6AFE /* Project object */;
}
